
Microsoft Visual Studio Solution File, Format Version 12.00
# Visual Studio Version 16
VisualStudioVersion = 16.0.29230.47
MinimumVisualStudioVersion = 10.0.40219.1
Project("{FAE04EC0-301F-11D3-BF4B-00C04F79EFBC}") = "WinForm", "WinForm\WinForm.csproj", "{37AF50D8-26C4-4319-8EDD-6514DDA0CBC4}"
EndProject
Global
	GlobalSection(SolutionConfigurationPlatforms) = preSolution
		Debug|Any CPU = Debug|Any CPU
		Release|Any CPU = Release|Any CPU
	EndGlobalSection
	GlobalSection(ProjectConfigurationPlatforms) = postSolution
		{37AF50D8-26C4-4319-8EDD-6514DDA0CBC4}.Debug|Any CPU.ActiveCfg = Debug|Any CPU
		{37AF50D8-26C4-4319-8EDD-6514DDA0CBC4}.Debug|Any CPU.Build.0 = Debug|Any CPU
		{37AF50D8-26C4-4319-8EDD-6514DDA0CBC4}.Release|Any CPU.ActiveCfg = Release|Any CPU
		{37AF50D8-26C4-4319-8EDD-6514DDA0CBC4}.Release|Any CPU.Build.0 = Release|Any CPU
	EndGlobalSection
	GlobalSection(SolutionProperties) = preSolution
		HideSolutionNode = FALSE
	EndGlobalSection
	GlobalSection(ExtensibilityGlobals) = postSolution
		SolutionGuid = {36966516-5FD6-4C4B-92A1-B14081077711}
	EndGlobalSection
EndGlobal
